
Microsoft Visual Studio Solution File, Format Version 12.00
# Visual Studio Version 16
VisualStudioVersion = 16.0.29424.173
MinimumVisualStudioVersion = 10.0.40219.1
Project("{9A19103F-16F7-4668-BE54-9A1E7A4F7556}") = "Game", "Game\Game.csproj", "{21376D5A-AE9B-42B0-BB43-EF6C9B3732B6}"
EndProject
Project("{9A19103F-16F7-4668-BE54-9A1E7A4F7556}") = "Drexel.Terminal", "Drexel.Terminal\Drexel.Terminal.csproj", "{CFB084FC-CF3A-4A50-8F9F-6DA87A7336C0}"
EndProject
Project("{9A19103F-16F7-4668-BE54-9A1E7A4F7556}") = "Drexel.Terminal.Text", "Drexel.Terminal.Text\Drexel.Terminal.Text.csproj", "{F7A9ADB5-0BB3-4CCA-81A4-BCBD69EC8742}"
EndProject
Project("{9A19103F-16F7-4668-BE54-9A1E7A4F7556}") = "Drexel.Terminal.Win32", "Drexel.Terminal.Win32\Drexel.Terminal.Win32.csproj", "{1C869F25-9ADC-4E8B-8CBB-61200B42A4B0}"
EndProject
Project("{9A19103F-16F7-4668-BE54-9A1E7A4F7556}") = "Drexel.Game", "Drexel.Game\Drexel.Game.csproj", "{0D0C5371-2A0F-4DA1-A2DF-E4B272C61BBC}"
EndProject
Project("{9A19103F-16F7-4668-BE54-9A1E7A4F7556}") = "Drexel.Terminal.Layout", "Drexel.Terminal.Layout\Drexel.Terminal.Layout.csproj", "{107EA903-EEE3-48BD-98AB-2172896FDB72}"
EndProject
Project("{FAE04EC0-301F-11D3-BF4B-00C04F79EFBC}") = "Drexel.Terminal.Internals", "Drexel.Terminal.Shared\Drexel.Terminal.Internals.csproj", "{173EF2C1-75BF-4ECA-9098-B94292378413}"
EndProject
Global
	GlobalSection(SolutionConfigurationPlatforms) = preSolution
		Debug|Any CPU = Debug|Any CPU
		Release|Any CPU = Release|Any CPU
	EndGlobalSection
	GlobalSection(ProjectConfigurationPlatforms) = postSolution
		{21376D5A-AE9B-42B0-BB43-EF6C9B3732B6}.Debug|Any CPU.ActiveCfg = Debug|Any CPU
		{21376D5A-AE9B-42B0-BB43-EF6C9B3732B6}.Debug|Any CPU.Build.0 = Debug|Any CPU
		{21376D5A-AE9B-42B0-BB43-EF6C9B3732B6}.Release|Any CPU.ActiveCfg = Release|Any CPU
		{21376D5A-AE9B-42B0-BB43-EF6C9B3732B6}.Release|Any CPU.Build.0 = Release|Any CPU
		{CFB084FC-CF3A-4A50-8F9F-6DA87A7336C0}.Debug|Any CPU.ActiveCfg = Debug|Any CPU
		{CFB084FC-CF3A-4A50-8F9F-6DA87A7336C0}.Debug|Any CPU.Build.0 = Debug|Any CPU
		{CFB084FC-CF3A-4A50-8F9F-6DA87A7336C0}.Release|Any CPU.ActiveCfg = Release|Any CPU
		{CFB084FC-CF3A-4A50-8F9F-6DA87A7336C0}.Release|Any CPU.Build.0 = Release|Any CPU
		{F7A9ADB5-0BB3-4CCA-81A4-BCBD69EC8742}.Debug|Any CPU.ActiveCfg = Debug|Any CPU
		{F7A9ADB5-0BB3-4CCA-81A4-BCBD69EC8742}.Debug|Any CPU.Build.0 = Debug|Any CPU
		{F7A9ADB5-0BB3-4CCA-81A4-BCBD69EC8742}.Release|Any CPU.ActiveCfg = Release|Any CPU
		{F7A9ADB5-0BB3-4CCA-81A4-BCBD69EC8742}.Release|Any CPU.Build.0 = Release|Any CPU
		{1C869F25-9ADC-4E8B-8CBB-61200B42A4B0}.Debug|Any CPU.ActiveCfg = Debug|Any CPU
		{1C869F25-9ADC-4E8B-8CBB-61200B42A4B0}.Debug|Any CPU.Build.0 = Debug|Any CPU
		{1C869F25-9ADC-4E8B-8CBB-61200B42A4B0}.Release|Any CPU.ActiveCfg = Release|Any CPU
		{1C869F25-9ADC-4E8B-8CBB-61200B42A4B0}.Release|Any CPU.Build.0 = Release|Any CPU
		{0D0C5371-2A0F-4DA1-A2DF-E4B272C61BBC}.Debug|Any CPU.ActiveCfg = Debug|Any CPU
		{0D0C5371-2A0F-4DA1-A2DF-E4B272C61BBC}.Debug|Any CPU.Build.0 = Debug|Any CPU
		{0D0C5371-2A0F-4DA1-A2DF-E4B272C61BBC}.Release|Any CPU.ActiveCfg = Release|Any CPU
		{0D0C5371-2A0F-4DA1-A2DF-E4B272C61BBC}.Release|Any CPU.Build.0 = Release|Any CPU
		{107EA903-EEE3-48BD-98AB-2172896FDB72}.Debug|Any CPU.ActiveCfg = Debug|Any CPU
		{107EA903-EEE3-48BD-98AB-2172896FDB72}.Debug|Any CPU.Build.0 = Debug|Any CPU
		{107EA903-EEE3-48BD-98AB-2172896FDB72}.Release|Any CPU.ActiveCfg = Release|Any CPU
		{107EA903-EEE3-48BD-98AB-2172896FDB72}.Release|Any CPU.Build.0 = Release|Any CPU
		{173EF2C1-75BF-4ECA-9098-B94292378413}.Debug|Any CPU.ActiveCfg = Debug|Any CPU
		{173EF2C1-75BF-4ECA-9098-B94292378413}.Debug|Any CPU.Build.0 = Debug|Any CPU
		{173EF2C1-75BF-4ECA-9098-B94292378413}.Release|Any CPU.ActiveCfg = Release|Any CPU
		{173EF2C1-75BF-4ECA-9098-B94292378413}.Release|Any CPU.Build.0 = Release|Any CPU
	EndGlobalSection
	GlobalSection(SolutionProperties) = preSolution
		HideSolutionNode = FALSE
	EndGlobalSection
	GlobalSection(ExtensibilityGlobals) = postSolution
		SolutionGuid = {9E7350FF-1DE4-4296-AF3F-3004542A0D54}
	EndGlobalSection
EndGlobal
